{
  "name": "public",
  "version": "1.0.0",
  "lockfileVersion": 3,
  "requires": true,
  "packages": {
    "": {
      "name": "public",
      "version": "1.0.0",
      "license": "GPL-3.0-or-later",
      "dependencies": {
        "@fortawesome/fontawesome-free": "^6.0.0-beta2",
        "@highlightjs/cdn-assets": "^11.11.1",
        "highlight.js": "^11.11.1"
      }
    },
    "node_modules/@fortawesome/fontawesome-free": {
      "version": "6.0.0-beta2",
      "resolved": "https://registry.npmjs.org/@fortawesome/fontawesome-free/-/fontawesome-free-6.0.0-beta2.tgz",
      "integrity": "sha512-od2COSiBZ70dB5YgZuZEJ3Jy3RHFUhKKjN4dBxNVtmC8DYlyuI4q9wUSzmpLWXQVnRTADRoOLywA9E6SRaS6YQ==",
      "hasInstallScript": true,
      "license": "(CC-BY-4.0 AND OFL-1.1 AND MIT)",
      "engines": {
        "node": ">=6"
      }
    },
    "node_modules/@highlightjs/cdn-assets": {
      "version": "11.11.1",
      "resolved": "https://registry.npmjs.org/@highlightjs/cdn-assets/-/cdn-assets-11.11.1.tgz",
      "integrity": "sha512-VEPdHzwelZ12hEX18BHduqxMZGolcUsrbeokHYxOUIm8X2+M7nx5QPtPeQgRxR9XjhdLv4/7DD5BWOlSrJ3k7Q==",
      "license": "BSD-3-Clause",
      "engines": {
        "node": ">=12.0.0"
      }
    },
    "node_modules/highlight.js": {
      "version": "11.11.1",
      "resolved": "https://registry.npmjs.org/highlight.js/-/highlight.js-11.11.1.tgz",
      "integrity": "sha512-Xwwo44whKBVCYoliBQwaPvtd/2tYFkRQtXDWj1nackaV2JPXx3L0+Jvd8/qCJ2p+ML0/XVkJ2q+Mr+UVdpJK5w==",
      "license": "BSD-3-Clause",
      "engines": {
        "node": ">=12.0.0"
      }
    }
  }
}
